// !$*UTF8*$!
{
	archiveVersion = 1;
	classes = {
	};
	objectVersion = 56;
	objects = {

/* Begin PBXBuildFile section */
		2A3F6DC72A938858008CCA79 /* Coordinator.swift in Sources */ = {isa = PBXBuildFile; fileRef = 2A3F6DC62A938858008CCA79 /* Coordinator.swift */; };
		2A3F6DC92A938896008CCA79 /* AppCoordinator.swift in Sources */ = {isa = PBXBuildFile; fileRef = 2A3F6DC82A938896008CCA79 /* AppCoordinator.swift */; };
		2A3F6DCB2A938B19008CCA79 /* NavigationBarView.swift in Sources */ = {isa = PBXBuildFile; fileRef = 2A3F6DCA2A938B19008CCA79 /* NavigationBarView.swift */; };
		2AA019852AC40D69001FDD29 /* DefaultsStrorage.swift in Sources */ = {isa = PBXBuildFile; fileRef = 2AA019842AC40D69001FDD29 /* DefaultsStrorage.swift */; };
		2AA019932AC40F6F001FDD29 /* UserModel.swift in Sources */ = {isa = PBXBuildFile; fileRef = 2AA019922AC40F6F001FDD29 /* UserModel.swift */; };
		2AA019952AC4100D001FDD29 /* RegisterController.swift in Sources */ = {isa = PBXBuildFile; fileRef = 2AA019942AC4100D001FDD29 /* RegisterController.swift */; };
		2AA019982AC41367001FDD29 /* MainTabBarController.swift in Sources */ = {isa = PBXBuildFile; fileRef = 2AA019972AC41367001FDD29 /* MainTabBarController.swift */; };
		2AA0199A2AC41D49001FDD29 /* AuthViewModel.swift in Sources */ = {isa = PBXBuildFile; fileRef = 2AA019992AC41D49001FDD29 /* AuthViewModel.swift */; };
		2ABC69762A8E90110051CAB8 /* AppDelegate.swift in Sources */ = {isa = PBXBuildFile; fileRef = 2ABC69752A8E90110051CAB8 /* AppDelegate.swift */; };
		2ABC697F2A8E90120051CAB8 /* Assets.xcassets in Resources */ = {isa = PBXBuildFile; fileRef = 2ABC697E2A8E90120051CAB8 /* Assets.xcassets */; };
		2ABC69822A8E90120051CAB8 /* LaunchScreen.storyboard in Resources */ = {isa = PBXBuildFile; fileRef = 2ABC69802A8E90120051CAB8 /* LaunchScreen.storyboard */; };
		2ABD81272A8E914D0069362B /* LoginController.swift in Sources */ = {isa = PBXBuildFile; fileRef = 2ABD81262A8E914D0069362B /* LoginController.swift */; };
		2ABD81292A8E92340069362B /* BaseVC.swift in Sources */ = {isa = PBXBuildFile; fileRef = 2ABD81282A8E92340069362B /* BaseVC.swift */; };
		2ABD812C2A8E9B8D0069362B /* EntryController.swift in Sources */ = {isa = PBXBuildFile; fileRef = 2ABD812B2A8E9B8D0069362B /* EntryController.swift */; };
		2ABD812E2A8E9DDD0069362B /* CustomLabel.swift in Sources */ = {isa = PBXBuildFile; fileRef = 2ABD812D2A8E9DDD0069362B /* CustomLabel.swift */; };
		2ABD81302A8EA3330069362B /* CustomButton.swift in Sources */ = {isa = PBXBuildFile; fileRef = 2ABD812F2A8EA3330069362B /* CustomButton.swift */; };
		2ABD81322A8EAE840069362B /* NSLayoutAnchors.swift in Sources */ = {isa = PBXBuildFile; fileRef = 2ABD81312A8EAE840069362B /* NSLayoutAnchors.swift */; };
/* End PBXBuildFile section */

/* Begin PBXFileReference section */
		2A3F6DC62A938858008CCA79 /* Coordinator.swift */ = {isa = PBXFileReference; lastKnownFileType = sourcecode.swift; path = Coordinator.swift; sourceTree = "<group>"; };
		2A3F6DC82A938896008CCA79 /* AppCoordinator.swift */ = {isa = PBXFileReference; lastKnownFileType = sourcecode.swift; path = AppCoordinator.swift; sourceTree = "<group>"; };
		2A3F6DCA2A938B19008CCA79 /* NavigationBarView.swift */ = {isa = PBXFileReference; lastKnownFileType = sourcecode.swift; path = NavigationBarView.swift; sourceTree = "<group>"; };
		2AA019842AC40D69001FDD29 /* DefaultsStrorage.swift */ = {isa = PBXFileReference; lastKnownFileType = sourcecode.swift; path = DefaultsStrorage.swift; sourceTree = "<group>"; };
		2AA019922AC40F6F001FDD29 /* UserModel.swift */ = {isa = PBXFileReference; lastKnownFileType = sourcecode.swift; path = UserModel.swift; sourceTree = "<group>"; };
		2AA019942AC4100D001FDD29 /* RegisterController.swift */ = {isa = PBXFileReference; lastKnownFileType = sourcecode.swift; path = RegisterController.swift; sourceTree = "<group>"; };
		2AA019972AC41367001FDD29 /* MainTabBarController.swift */ = {isa = PBXFileReference; lastKnownFileType = sourcecode.swift; path = MainTabBarController.swift; sourceTree = "<group>"; };
		2AA019992AC41D49001FDD29 /* AuthViewModel.swift */ = {isa = PBXFileReference; lastKnownFileType = sourcecode.swift; path = AuthViewModel.swift; sourceTree = "<group>"; };
		2ABC69722A8E90110051CAB8 /* TwitterClone.app */ = {isa = PBXFileReference; explicitFileType = wrapper.application; includeInIndex = 0; path = TwitterClone.app; sourceTree = BUILT_PRODUCTS_DIR; };
		2ABC69752A8E90110051CAB8 /* AppDelegate.swift */ = {isa = PBXFileReference; lastKnownFileType = sourcecode.swift; path = AppDelegate.swift; sourceTree = "<group>"; };
		2ABC697E2A8E90120051CAB8 /* Assets.xcassets */ = {isa = PBXFileReference; lastKnownFileType = folder.assetcatalog; path = Assets.xcassets; sourceTree = "<group>"; };
		2ABC69812A8E90120051CAB8 /* Base */ = {isa = PBXFileReference; lastKnownFileType = file.storyboard; name = Base; path = Base.lproj/LaunchScreen.storyboard; sourceTree = "<group>"; };
		2ABC69832A8E90120051CAB8 /* Info.plist */ = {isa = PBXFileReference; lastKnownFileType = text.plist.xml; path = Info.plist; sourceTree = "<group>"; };
		2ABD81262A8E914D0069362B /* LoginController.swift */ = {isa = PBXFileReference; lastKnownFileType = sourcecode.swift; path = LoginController.swift; sourceTree = "<group>"; };
		2ABD81282A8E92340069362B /* BaseVC.swift */ = {isa = PBXFileReference; lastKnownFileType = sourcecode.swift; path = BaseVC.swift; sourceTree = "<group>"; };
		2ABD812B2A8E9B8D0069362B /* EntryController.swift */ = {isa = PBXFileReference; lastKnownFileType = sourcecode.swift; path = EntryController.swift; sourceTree = "<group>"; };
		2ABD812D2A8E9DDD0069362B /* CustomLabel.swift */ = {isa = PBXFileReference; lastKnownFileType = sourcecode.swift; path = CustomLabel.swift; sourceTree = "<group>"; };
		2ABD812F2A8EA3330069362B /* CustomButton.swift */ = {isa = PBXFileReference; lastKnownFileType = sourcecode.swift; path = CustomButton.swift; sourceTree = "<group>"; };
		2ABD81312A8EAE840069362B /* NSLayoutAnchors.swift */ = {isa = PBXFileReference; lastKnownFileType = sourcecode.swift; path = NSLayoutAnchors.swift; sourceTree = "<group>"; };
/* End PBXFileReference section */

/* Begin PBXFrameworksBuildPhase section */
		2ABC696F2A8E90110051CAB8 /* Frameworks */ = {
			isa = PBXFrameworksBuildPhase;
			buildActionMask = 2147483647;
			files = (
			);
			runOnlyForDeploymentPostprocessing = 0;
		};
/* End PBXFrameworksBuildPhase section */

/* Begin PBXGroup section */
		2A3F6DC52A938841008CCA79 /* Coordinator */ = {
			isa = PBXGroup;
			children = (
				2A3F6DC62A938858008CCA79 /* Coordinator.swift */,
				2A3F6DC82A938896008CCA79 /* AppCoordinator.swift */,
			);
			path = Coordinator;
			sourceTree = "<group>";
		};
		2AA019832AC40D54001FDD29 /* Helper */ = {
			isa = PBXGroup;
			children = (
				2AA019842AC40D69001FDD29 /* DefaultsStrorage.swift */,
			);
			path = Helper;
			sourceTree = "<group>";
		};
		2AA019862AC40E9F001FDD29 /* LoginPage */ = {
			isa = PBXGroup;
			children = (
				2AA019912AC40F1E001FDD29 /* Model */,
				2AA019902AC40F18001FDD29 /* View */,
				2AA0198F2AC40F0F001FDD29 /* ViewModel */,
			);
			path = LoginPage;
			sourceTree = "<group>";
		};
		2AA019872AC40EAA001FDD29 /* Register */ = {
			isa = PBXGroup;
			children = (
				2AA0198E2AC40F01001FDD29 /* Model */,
				2AA0198D2AC40EFA001FDD29 /* View */,
				2AA0198C2AC40EF1001FDD29 /* ViewModel */,
			);
			path = Register;
			sourceTree = "<group>";
		};
		2AA019882AC40EB7001FDD29 /* Entry */ = {
			isa = PBXGroup;
			children = (
				2AA0198B2AC40EDD001FDD29 /* Model */,
				2AA0198A2AC40ED5001FDD29 /* View */,
				2AA019892AC40EC8001FDD29 /* ViewModel */,
			);
			path = Entry;
			sourceTree = "<group>";
		};
		2AA019892AC40EC8001FDD29 /* ViewModel */ = {
			isa = PBXGroup;
			children = (
				2AA019992AC41D49001FDD29 /* AuthViewModel.swift */,
			);
			path = ViewModel;
			sourceTree = "<group>";
		};
		2AA0198A2AC40ED5001FDD29 /* View */ = {
			isa = PBXGroup;
			children = (
			);
			path = View;
			sourceTree = "<group>";
		};
		2AA0198B2AC40EDD001FDD29 /* Model */ = {
			isa = PBXGroup;
			children = (
				2AA019922AC40F6F001FDD29 /* UserModel.swift */,
			);
			path = Model;
			sourceTree = "<group>";
		};
		2AA0198C2AC40EF1001FDD29 /* ViewModel */ = {
			isa = PBXGroup;
			children = (
			);
			path = ViewModel;
			sourceTree = "<group>";
		};
		2AA0198D2AC40EFA001FDD29 /* View */ = {
			isa = PBXGroup;
			children = (
				2AA019942AC4100D001FDD29 /* RegisterController.swift */,
			);
			path = View;
			sourceTree = "<group>";
		};
		2AA0198E2AC40F01001FDD29 /* Model */ = {
			isa = PBXGroup;
			children = (
			);
			path = Model;
			sourceTree = "<group>";
		};
		2AA0198F2AC40F0F001FDD29 /* ViewModel */ = {
			isa = PBXGroup;
			children = (
			);
			path = ViewModel;
			sourceTree = "<group>";
		};
		2AA019902AC40F18001FDD29 /* View */ = {
			isa = PBXGroup;
			children = (
			);
			path = View;
			sourceTree = "<group>";
		};
		2AA019912AC40F1E001FDD29 /* Model */ = {
			isa = PBXGroup;
			children = (
			);
			path = Model;
			sourceTree = "<group>";
		};
		2ABC69692A8E90110051CAB8 = {
			isa = PBXGroup;
			children = (
				2ABC69742A8E90110051CAB8 /* TwitterClone */,
				2ABC69732A8E90110051CAB8 /* Products */,
			);
			sourceTree = "<group>";
		};
		2ABC69732A8E90110051CAB8 /* Products */ = {
			isa = PBXGroup;
			children = (
				2ABC69722A8E90110051CAB8 /* TwitterClone.app */,
			);
			name = Products;
			sourceTree = "<group>";
		};
		2ABC69742A8E90110051CAB8 /* TwitterClone */ = {
			isa = PBXGroup;
			children = (
				2ABD812A2A8E97010069362B /* Core */,
				2A3F6DC52A938841008CCA79 /* Coordinator */,
				2ABD81222A8E91160069362B /* Auth */,
				2ABC697E2A8E90120051CAB8 /* Assets.xcassets */,
				2ABC69802A8E90120051CAB8 /* LaunchScreen.storyboard */,
				2AA019832AC40D54001FDD29 /* Helper */,
				2ABC69832A8E90120051CAB8 /* Info.plist */,
				2ABD812D2A8E9DDD0069362B /* CustomLabel.swift */,
				2ABD812F2A8EA3330069362B /* CustomButton.swift */,
				2ABD81312A8EAE840069362B /* NSLayoutAnchors.swift */,
				2A3F6DCA2A938B19008CCA79 /* NavigationBarView.swift */,
			);
			path = TwitterClone;
			sourceTree = "<group>";
		};
		2ABD81222A8E91160069362B /* Auth */ = {
			isa = PBXGroup;
			children = (
				2AA019882AC40EB7001FDD29 /* Entry */,
				2AA019872AC40EAA001FDD29 /* Register */,
				2AA019862AC40E9F001FDD29 /* LoginPage */,
				2ABD81242A8E912C0069362B /* View */,
			);
			path = Auth;
			sourceTree = "<group>";
		};
		2ABD81242A8E912C0069362B /* View */ = {
			isa = PBXGroup;
			children = (
				2ABD812B2A8E9B8D0069362B /* EntryController.swift */,
				2ABD81262A8E914D0069362B /* LoginController.swift */,
			);
			path = View;
			sourceTree = "<group>";
		};
		2ABD812A2A8E97010069362B /* Core */ = {
			isa = PBXGroup;
			children = (
				2ABC69752A8E90110051CAB8 /* AppDelegate.swift */,
				2ABD81282A8E92340069362B /* BaseVC.swift */,
				2AA019972AC41367001FDD29 /* MainTabBarController.swift */,
			);
			path = Core;
			sourceTree = "<group>";
		};
/* End PBXGroup section */

/* Begin PBXNativeTarget section */
		2ABC69712A8E90110051CAB8 /* TwitterClone */ = {
			isa = PBXNativeTarget;
			buildConfigurationList = 2ABC69862A8E90120051CAB8 /* Build configuration list for PBXNativeTarget "TwitterClone" */;
			buildPhases = (
				2ABC696E2A8E90110051CAB8 /* Sources */,
				2ABC696F2A8E90110051CAB8 /* Frameworks */,
				2ABC69702A8E90110051CAB8 /* Resources */,
			);
			buildRules = (
			);
			dependencies = (
			);
			name = TwitterClone;
			productName = TwitterClone;
			productReference = 2ABC69722A8E90110051CAB8 /* TwitterClone.app */;
			productType = "com.apple.product-type.application";
		};
/* End PBXNativeTarget section */

/* Begin PBXProject section */
		2ABC696A2A8E90110051CAB8 /* Project object */ = {
			isa = PBXProject;
			attributes = {
				BuildIndependentTargetsInParallel = 1;
				LastSwiftUpdateCheck = 1420;
				LastUpgradeCheck = 1420;
				TargetAttributes = {
					2ABC69712A8E90110051CAB8 = {
						CreatedOnToolsVersion = 14.2;
					};
				};
			};
			buildConfigurationList = 2ABC696D2A8E90110051CAB8 /* Build configuration list for PBXProject "TwitterClone" */;
			compatibilityVersion = "Xcode 14.0";
			developmentRegion = en;
			hasScannedForEncodings = 0;
			knownRegions = (
				en,
				Base,
			);
			mainGroup = 2ABC69692A8E90110051CAB8;
			productRefGroup = 2ABC69732A8E90110051CAB8 /* Products */;
			projectDirPath = "";
			projectRoot = "";
			targets = (
				2ABC69712A8E90110051CAB8 /* TwitterClone */,
			);
		};
/* End PBXProject section */

/* Begin PBXResourcesBuildPhase section */
		2ABC69702A8E90110051CAB8 /* Resources */ = {
			isa = PBXResourcesBuildPhase;
			buildActionMask = 2147483647;
			files = (
				2ABC69822A8E90120051CAB8 /* LaunchScreen.storyboard in Resources */,
				2ABC697F2A8E90120051CAB8 /* Assets.xcassets in Resources */,
			);
			runOnlyForDeploymentPostprocessing = 0;
		};
/* End PBXResourcesBuildPhase section */

/* Begin PBXSourcesBuildPhase section */
		2ABC696E2A8E90110051CAB8 /* Sources */ = {
			isa = PBXSourcesBuildPhase;
			buildActionMask = 2147483647;
			files = (
				2ABC69762A8E90110051CAB8 /* AppDelegate.swift in Sources */,
				2AA019952AC4100D001FDD29 /* RegisterController.swift in Sources */,
				2ABD812E2A8E9DDD0069362B /* CustomLabel.swift in Sources */,
				2A3F6DCB2A938B19008CCA79 /* NavigationBarView.swift in Sources */,
				2A3F6DC92A938896008CCA79 /* AppCoordinator.swift in Sources */,
				2AA0199A2AC41D49001FDD29 /* AuthViewModel.swift in Sources */,
				2ABD81272A8E914D0069362B /* LoginController.swift in Sources */,
				2ABD812C2A8E9B8D0069362B /* EntryController.swift in Sources */,
				2ABD81302A8EA3330069362B /* CustomButton.swift in Sources */,
				2ABD81322A8EAE840069362B /* NSLayoutAnchors.swift in Sources */,
				2AA019852AC40D69001FDD29 /* DefaultsStrorage.swift in Sources */,
				2AA019982AC41367001FDD29 /* MainTabBarController.swift in Sources */,
				2ABD81292A8E92340069362B /* BaseVC.swift in Sources */,
				2AA019932AC40F6F001FDD29 /* UserModel.swift in Sources */,
				2A3F6DC72A938858008CCA79 /* Coordinator.swift in Sources */,
			);
			runOnlyForDeploymentPostprocessing = 0;
		};
/* End PBXSourcesBuildPhase section */

/* Begin PBXVariantGroup section */
		2ABC69802A8E90120051CAB8 /* LaunchScreen.storyboard */ = {
			isa = PBXVariantGroup;
			children = (
				2ABC69812A8E90120051CAB8 /* Base */,
			);
			name = LaunchScreen.storyboard;
			sourceTree = "<group>";
		};
/* End PBXVariantGroup section */

/* Begin XCBuildConfiguration section */
		2ABC69842A8E90120051CAB8 /* Debug */ = {
			isa = XCBuildConfiguration;
			buildSettings = {
				ALWAYS_SEARCH_USER_PATHS = NO;
				CLANG_ANALYZER_NONNULL = YES;
				CLANG_ANALYZER_NUMBER_OBJECT_CONVERSION = YES_AGGRESSIVE;
				CLANG_CXX_LANGUAGE_STANDARD = "gnu++20";
				CLANG_ENABLE_MODULES = YES;
				CLANG_ENABLE_OBJC_ARC = YES;
				CLANG_ENABLE_OBJC_WEAK = YES;
				CLANG_WARN_BLOCK_CAPTURE_AUTORELEASING = YES;
				CLANG_WARN_BOOL_CONVERSION = YES;
				CLANG_WARN_COMMA = YES;
				CLANG_WARN_CONSTANT_CONVERSION = YES;
				CLANG_WARN_DEPRECATED_OBJC_IMPLEMENTATIONS = YES;
				CLANG_WARN_DIRECT_OBJC_ISA_USAGE = YES_ERROR;
				CLANG_WARN_DOCUMENTATION_COMMENTS = YES;
				CLANG_WARN_EMPTY_BODY = YES;
				CLANG_WARN_ENUM_CONVERSION = YES;
				CLANG_WARN_INFINITE_RECURSION = YES;
				CLANG_WARN_INT_CONVERSION = YES;
				CLANG_WARN_NON_LITERAL_NULL_CONVERSION = YES;
				CLANG_WARN_OBJC_IMPLICIT_RETAIN_SELF = YES;
				CLANG_WARN_OBJC_LITERAL_CONVERSION = YES;
				CLANG_WARN_OBJC_ROOT_CLASS = YES_ERROR;
				CLANG_WARN_QUOTED_INCLUDE_IN_FRAMEWORK_HEADER = YES;
				CLANG_WARN_RANGE_LOOP_ANALYSIS = YES;
				CLANG_WARN_STRICT_PROTOTYPES = YES;
				CLANG_WARN_SUSPICIOUS_MOVE = YES;
				CLANG_WARN_UNGUARDED_AVAILABILITY = YES_AGGRESSIVE;
				CLANG_WARN_UNREACHABLE_CODE = YES;
				CLANG_WARN__DUPLICATE_METHOD_MATCH = YES;
				COPY_PHASE_STRIP = NO;
				DEBUG_INFORMATION_FORMAT = dwarf;
				ENABLE_STRICT_OBJC_MSGSEND = YES;
				ENABLE_TESTABILITY = YES;
				GCC_C_LANGUAGE_STANDARD = gnu11;
				GCC_DYNAMIC_NO_PIC = NO;
				GCC_NO_COMMON_BLOCKS = YES;
				GCC_OPTIMIZATION_LEVEL = 0;
				GCC_PREPROCESSOR_DEFINITIONS = (
					"DEBUG=1",
					"$(inherited)",
				);
				GCC_WARN_64_TO_32_BIT_CONVERSION = YES;
				GCC_WARN_ABOUT_RETURN_TYPE = YES_ERROR;
				GCC_WARN_UNDECLARED_SELECTOR = YES;
				GCC_WARN_UNINITIALIZED_AUTOS = YES_AGGRESSIVE;
				GCC_WARN_UNUSED_FUNCTION = YES;
				GCC_WARN_UNUSED_VARIABLE = YES;
				IPHONEOS_DEPLOYMENT_TARGET = 16.2;
				MTL_ENABLE_DEBUG_INFO = INCLUDE_SOURCE;
				MTL_FAST_MATH = YES;
				ONLY_ACTIVE_ARCH = YES;
				SDKROOT = iphoneos;
				SWIFT_ACTIVE_COMPILATION_CONDITIONS = DEBUG;
				SWIFT_OPTIMIZATION_LEVEL = "-Onone";
			};
			name = Debug;
		};
		2ABC69852A8E90120051CAB8 /* Release */ = {
			isa = XCBuildConfiguration;
			buildSettings = {
				ALWAYS_SEARCH_USER_PATHS = NO;
				CLANG_ANALYZER_NONNULL = YES;
				CLANG_ANALYZER_NUMBER_OBJECT_CONVERSION = YES_AGGRESSIVE;
				CLANG_CXX_LANGUAGE_STANDARD = "gnu++20";
				CLANG_ENABLE_MODULES = YES;
				CLANG_ENABLE_OBJC_ARC = YES;
				CLANG_ENABLE_OBJC_WEAK = YES;
				CLANG_WARN_BLOCK_CAPTURE_AUTORELEASING = YES;
				CLANG_WARN_BOOL_CONVERSION = YES;
				CLANG_WARN_COMMA = YES;
				CLANG_WARN_CONSTANT_CONVERSION = YES;
				CLANG_WARN_DEPRECATED_OBJC_IMPLEMENTATIONS = YES;
				CLANG_WARN_DIRECT_OBJC_ISA_USAGE = YES_ERROR;
				CLANG_WARN_DOCUMENTATION_COMMENTS = YES;
				CLANG_WARN_EMPTY_BODY = YES;
				CLANG_WARN_ENUM_CONVERSION = YES;
				CLANG_WARN_INFINITE_RECURSION = YES;
				CLANG_WARN_INT_CONVERSION = YES;
				CLANG_WARN_NON_LITERAL_NULL_CONVERSION = YES;
				CLANG_WARN_OBJC_IMPLICIT_RETAIN_SELF = YES;
				CLANG_WARN_OBJC_LITERAL_CONVERSION = YES;
				CLANG_WARN_OBJC_ROOT_CLASS = YES_ERROR;
				CLANG_WARN_QUOTED_INCLUDE_IN_FRAMEWORK_HEADER = YES;
				CLANG_WARN_RANGE_LOOP_ANALYSIS = YES;
				CLANG_WARN_STRICT_PROTOTYPES = YES;
				CLANG_WARN_SUSPICIOUS_MOVE = YES;
				CLANG_WARN_UNGUARDED_AVAILABILITY = YES_AGGRESSIVE;
				CLANG_WARN_UNREACHABLE_CODE = YES;
				CLANG_WARN__DUPLICATE_METHOD_MATCH = YES;
				COPY_PHASE_STRIP = NO;
				DEBUG_INFORMATION_FORMAT = "dwarf-with-dsym";
				ENABLE_NS_ASSERTIONS = NO;
				ENABLE_STRICT_OBJC_MSGSEND = YES;
				GCC_C_LANGUAGE_STANDARD = gnu11;
				GCC_NO_COMMON_BLOCKS = YES;
				GCC_WARN_64_TO_32_BIT_CONVERSION = YES;
				GCC_WARN_ABOUT_RETURN_TYPE = YES_ERROR;
				GCC_WARN_UNDECLARED_SELECTOR = YES;
				GCC_WARN_UNINITIALIZED_AUTOS = YES_AGGRESSIVE;
				GCC_WARN_UNUSED_FUNCTION = YES;
				GCC_WARN_UNUSED_VARIABLE = YES;
				IPHONEOS_DEPLOYMENT_TARGET = 16.2;
				MTL_ENABLE_DEBUG_INFO = NO;
				MTL_FAST_MATH = YES;
				SDKROOT = iphoneos;
				SWIFT_COMPILATION_MODE = wholemodule;
				SWIFT_OPTIMIZATION_LEVEL = "-O";
				VALIDATE_PRODUCT = YES;
			};
			name = Release;
		};
		2ABC69872A8E90120051CAB8 /* Debug */ = {
			isa = XCBuildConfiguration;
			buildSettings = {
				ASSETCATALOG_COMPILER_APPICON_NAME = AppIcon;
				ASSETCATALOG_COMPILER_GLOBAL_ACCENT_COLOR_NAME = AccentColor;
				CODE_SIGN_STYLE = Automatic;
				CURRENT_PROJECT_VERSION = 1;
				DEVELOPMENT_TEAM = M95DBH5FSP;
				GENERATE_INFOPLIST_FILE = YES;
				INFOPLIST_FILE = TwitterClone/Info.plist;
				INFOPLIST_KEY_UIApplicationSupportsIndirectInputEvents = YES;
				INFOPLIST_KEY_UILaunchStoryboardName = LaunchScreen;
				INFOPLIST_KEY_UISupportedInterfaceOrientations = UIInterfaceOrientationPortrait;
				INFOPLIST_KEY_UISupportedInterfaceOrientations_iPad = "UIInterfaceOrientationLandscapeLeft UIInterfaceOrientationLandscapeRight UIInterfaceOrientationPortrait UIInterfaceOrientationPortraitUpsideDown";
				LD_RUNPATH_SEARCH_PATHS = (
					"$(inherited)",
					"@executable_path/Frameworks",
				);
				MARKETING_VERSION = 1.0;
				PRODUCT_BUNDLE_IDENTIFIER = Vasif.TwitterClone;
				PRODUCT_NAME = "$(TARGET_NAME)";
				SUPPORTED_PLATFORMS = "iphoneos iphonesimulator";
				SUPPORTS_MACCATALYST = NO;
				SUPPORTS_MAC_DESIGNED_FOR_IPHONE_IPAD = NO;
				SWIFT_EMIT_LOC_STRINGS = YES;
				SWIFT_VERSION = 5.0;
				TARGETED_DEVICE_FAMILY = 1;
			};
			name = Debug;
		};
		2ABC69882A8E90120051CAB8 /* Release */ = {
			isa = XCBuildConfiguration;
			buildSettings = {
				ASSETCATALOG_COMPILER_APPICON_NAME = AppIcon;
				ASSETCATALOG_COMPILER_GLOBAL_ACCENT_COLOR_NAME = AccentColor;
				CODE_SIGN_STYLE = Automatic;
				CURRENT_PROJECT_VERSION = 1;
				DEVELOPMENT_TEAM = M95DBH5FSP;
				GENERATE_INFOPLIST_FILE = YES;
				INFOPLIST_FILE = TwitterClone/Info.plist;
				INFOPLIST_KEY_UIApplicationSupportsIndirectInputEvents = YES;
				INFOPLIST_KEY_UILaunchStoryboardName = LaunchScreen;
				INFOPLIST_KEY_UISupportedInterfaceOrientations = UIInterfaceOrientationPortrait;
				INFOPLIST_KEY_UISupportedInterfaceOrientations_iPad = "UIInterfaceOrientationLandscapeLeft UIInterfaceOrientationLandscapeRight UIInterfaceOrientationPortrait UIInterfaceOrientationPortraitUpsideDown";
				LD_RUNPATH_SEARCH_PATHS = (
					"$(inherited)",
					"@executable_path/Frameworks",
				);
				MARKETING_VERSION = 1.0;
				PRODUCT_BUNDLE_IDENTIFIER = Vasif.TwitterClone;
				PRODUCT_NAME = "$(TARGET_NAME)";
				SUPPORTED_PLATFORMS = "iphoneos iphonesimulator";
				SUPPORTS_MACCATALYST = NO;
				SUPPORTS_MAC_DESIGNED_FOR_IPHONE_IPAD = NO;
				SWIFT_EMIT_LOC_STRINGS = YES;
				SWIFT_VERSION = 5.0;
				TARGETED_DEVICE_FAMILY = 1;
			};
			name = Release;
		};
/* End XCBuildConfiguration section */

/* Begin XCConfigurationList section */
		2ABC696D2A8E90110051CAB8 /* Build configuration list for PBXProject "TwitterClone" */ = {
			isa = XCConfigurationList;
			buildConfigurations = (
				2ABC69842A8E90120051CAB8 /* Debug */,
				2ABC69852A8E90120051CAB8 /* Release */,
			);
			defaultConfigurationIsVisible = 0;
			defaultConfigurationName = Release;
		};
		2ABC69862A8E90120051CAB8 /* Build configuration list for PBXNativeTarget "TwitterClone" */ = {
			isa = XCConfigurationList;
			buildConfigurations = (
				2ABC69872A8E90120051CAB8 /* Debug */,
				2ABC69882A8E90120051CAB8 /* Release */,
			);
			defaultConfigurationIsVisible = 0;
			defaultConfigurationName = Release;
		};
/* End XCConfigurationList section */
	};
	rootObject = 2ABC696A2A8E90110051CAB8 /* Project object */;
}
